
Microsoft Visual Studio Solution File, Format Version 12.00
# Visual Studio Version 17
VisualStudioVersion = 17.8.34316.72
MinimumVisualStudioVersion = 10.0.40219.1
Project("{FAE04EC0-301F-11D3-BF4B-00C04F79EFBC}") = "Task_1", "C#_HW_modul_01\Task_1.csproj", "{DB006E0F-0D89-4988-8B5E-B7B739A01151}"
EndProject
Project("{FAE04EC0-301F-11D3-BF4B-00C04F79EFBC}") = "Task_2", "Task_2\Task_2.csproj", "{86DA2279-1E31-4760-BA25-72F08D09FEE5}"
EndProject
Project("{FAE04EC0-301F-11D3-BF4B-00C04F79EFBC}") = "Task_3", "Task_3\Task_3.csproj", "{97E15E04-4AE8-43A8-ACC1-EF05927536F4}"
EndProject
Project("{FAE04EC0-301F-11D3-BF4B-00C04F79EFBC}") = "Task_4", "Task_4\Task_4.csproj", "{182D7883-FAE1-449D-8DC7-CEDD1898522C}"
EndProject
Project("{FAE04EC0-301F-11D3-BF4B-00C04F79EFBC}") = "Task_5", "Task_5\Task_5.csproj", "{65A23538-AA84-466E-8A1A-47DA37CF8215}"
EndProject
Project("{FAE04EC0-301F-11D3-BF4B-00C04F79EFBC}") = "Task_6", "Task_6\Task_6.csproj", "{448CF3CA-4C19-4813-B9BB-A7EF3B4707CA}"
EndProject
Project("{FAE04EC0-301F-11D3-BF4B-00C04F79EFBC}") = "Task_7", "Task_7\Task_7.csproj", "{C7DFD9A4-64E7-42AC-9C72-1C7B43BA19F1}"
EndProject
Global
	GlobalSection(SolutionConfigurationPlatforms) = preSolution
		Debug|Any CPU = Debug|Any CPU
		Release|Any CPU = Release|Any CPU
	EndGlobalSection
	GlobalSection(ProjectConfigurationPlatforms) = postSolution
		{DB006E0F-0D89-4988-8B5E-B7B739A01151}.Debug|Any CPU.ActiveCfg = Debug|Any CPU
		{DB006E0F-0D89-4988-8B5E-B7B739A01151}.Debug|Any CPU.Build.0 = Debug|Any CPU
		{DB006E0F-0D89-4988-8B5E-B7B739A01151}.Release|Any CPU.ActiveCfg = Release|Any CPU
		{DB006E0F-0D89-4988-8B5E-B7B739A01151}.Release|Any CPU.Build.0 = Release|Any CPU
		{86DA2279-1E31-4760-BA25-72F08D09FEE5}.Debug|Any CPU.ActiveCfg = Debug|Any CPU
		{86DA2279-1E31-4760-BA25-72F08D09FEE5}.Debug|Any CPU.Build.0 = Debug|Any CPU
		{86DA2279-1E31-4760-BA25-72F08D09FEE5}.Release|Any CPU.ActiveCfg = Release|Any CPU
		{86DA2279-1E31-4760-BA25-72F08D09FEE5}.Release|Any CPU.Build.0 = Release|Any CPU
		{97E15E04-4AE8-43A8-ACC1-EF05927536F4}.Debug|Any CPU.ActiveCfg = Debug|Any CPU
		{97E15E04-4AE8-43A8-ACC1-EF05927536F4}.Debug|Any CPU.Build.0 = Debug|Any CPU
		{97E15E04-4AE8-43A8-ACC1-EF05927536F4}.Release|Any CPU.ActiveCfg = Release|Any CPU
		{97E15E04-4AE8-43A8-ACC1-EF05927536F4}.Release|Any CPU.Build.0 = Release|Any CPU
		{182D7883-FAE1-449D-8DC7-CEDD1898522C}.Debug|Any CPU.ActiveCfg = Debug|Any CPU
		{182D7883-FAE1-449D-8DC7-CEDD1898522C}.Debug|Any CPU.Build.0 = Debug|Any CPU
		{182D7883-FAE1-449D-8DC7-CEDD1898522C}.Release|Any CPU.ActiveCfg = Release|Any CPU
		{182D7883-FAE1-449D-8DC7-CEDD1898522C}.Release|Any CPU.Build.0 = Release|Any CPU
		{65A23538-AA84-466E-8A1A-47DA37CF8215}.Debug|Any CPU.ActiveCfg = Debug|Any CPU
		{65A23538-AA84-466E-8A1A-47DA37CF8215}.Debug|Any CPU.Build.0 = Debug|Any CPU
		{65A23538-AA84-466E-8A1A-47DA37CF8215}.Release|Any CPU.ActiveCfg = Release|Any CPU
		{65A23538-AA84-466E-8A1A-47DA37CF8215}.Release|Any CPU.Build.0 = Release|Any CPU
		{448CF3CA-4C19-4813-B9BB-A7EF3B4707CA}.Debug|Any CPU.ActiveCfg = Debug|Any CPU
		{448CF3CA-4C19-4813-B9BB-A7EF3B4707CA}.Debug|Any CPU.Build.0 = Debug|Any CPU
		{448CF3CA-4C19-4813-B9BB-A7EF3B4707CA}.Release|Any CPU.ActiveCfg = Release|Any CPU
		{448CF3CA-4C19-4813-B9BB-A7EF3B4707CA}.Release|Any CPU.Build.0 = Release|Any CPU
		{C7DFD9A4-64E7-42AC-9C72-1C7B43BA19F1}.Debug|Any CPU.ActiveCfg = Debug|Any CPU
		{C7DFD9A4-64E7-42AC-9C72-1C7B43BA19F1}.Debug|Any CPU.Build.0 = Debug|Any CPU
		{C7DFD9A4-64E7-42AC-9C72-1C7B43BA19F1}.Release|Any CPU.ActiveCfg = Release|Any CPU
		{C7DFD9A4-64E7-42AC-9C72-1C7B43BA19F1}.Release|Any CPU.Build.0 = Release|Any CPU
	EndGlobalSection
	GlobalSection(SolutionProperties) = preSolution
		HideSolutionNode = FALSE
	EndGlobalSection
	GlobalSection(ExtensibilityGlobals) = postSolution
		SolutionGuid = {28710660-B8FF-44BD-9812-BB7F2EFE9750}
	EndGlobalSection
EndGlobal
